
Microsoft Visual Studio Solution File, Format Version 12.00
# Visual Studio Version 17
VisualStudioVersion = 17.4.33403.182
MinimumVisualStudioVersion = 10.0.40219.1
Project("{FAE04EC0-301F-11D3-BF4B-00C04F79EFBC}") = "SSM.Backend", "SSM.Backend\SSM.Backend.csproj", "{2EAD51EA-D801-4971-8039-A2055F5CEF64}"
EndProject
Global
	GlobalSection(SolutionConfigurationPlatforms) = preSolution
		Debug|Any CPU = Debug|Any CPU
		Release|Any CPU = Release|Any CPU
	EndGlobalSection
	GlobalSection(ProjectConfigurationPlatforms) = postSolution
		{2EAD51EA-D801-4971-8039-A2055F5CEF64}.Debug|Any CPU.ActiveCfg = Debug|Any CPU
		{2EAD51EA-D801-4971-8039-A2055F5CEF64}.Debug|Any CPU.Build.0 = Debug|Any CPU
		{2EAD51EA-D801-4971-8039-A2055F5CEF64}.Release|Any CPU.ActiveCfg = Release|Any CPU
		{2EAD51EA-D801-4971-8039-A2055F5CEF64}.Release|Any CPU.Build.0 = Release|Any CPU
	EndGlobalSection
	GlobalSection(SolutionProperties) = preSolution
		HideSolutionNode = FALSE
	EndGlobalSection
	GlobalSection(ExtensibilityGlobals) = postSolution
		SolutionGuid = {D0573439-1027-4A12-AE08-395B78B2EEF2}
	EndGlobalSection
EndGlobal
